
Microsoft Visual Studio Solution File, Format Version 12.00
# Visual Studio Version 16
VisualStudioVersion = 16.0.30621.155
MinimumVisualStudioVersion = 10.0.40219.1
Project("{FAE04EC0-301F-11D3-BF4B-00C04F79EFBC}") = "FrameConsoleApp", "FrameConsoleApp\FrameConsoleApp.csproj", "{7F922226-B1F4-43C6-BBC6-6349C8D08E6D}"
EndProject
Project("{9A19103F-16F7-4668-BE54-9A1E7A4F7556}") = "CoreConsoleApp", "CoreConsoleApp\CoreConsoleApp.csproj", "{A2FF2B13-92C4-447D-83B1-E89155718527}"
EndProject
Project("{FAE04EC0-301F-11D3-BF4B-00C04F79EFBC}") = "SynchronizationContextDemo", "SynchronizationContextDemo\SynchronizationContextDemo.csproj", "{D3A84CDB-184E-4CBE-9640-41EE10CA9773}"
EndProject
Project("{FAE04EC0-301F-11D3-BF4B-00C04F79EFBC}") = "SecurityContextApp", "SecurityContextApp\SecurityContextApp.csproj", "{75C64965-89AD-4A8B-A9B3-7C5986D4FC54}"
EndProject
Global
	GlobalSection(SolutionConfigurationPlatforms) = preSolution
		Debug|Any CPU = Debug|Any CPU
		Release|Any CPU = Release|Any CPU
	EndGlobalSection
	GlobalSection(ProjectConfigurationPlatforms) = postSolution
		{7F922226-B1F4-43C6-BBC6-6349C8D08E6D}.Debug|Any CPU.ActiveCfg = Debug|Any CPU
		{7F922226-B1F4-43C6-BBC6-6349C8D08E6D}.Debug|Any CPU.Build.0 = Debug|Any CPU
		{7F922226-B1F4-43C6-BBC6-6349C8D08E6D}.Release|Any CPU.ActiveCfg = Release|Any CPU
		{7F922226-B1F4-43C6-BBC6-6349C8D08E6D}.Release|Any CPU.Build.0 = Release|Any CPU
		{A2FF2B13-92C4-447D-83B1-E89155718527}.Debug|Any CPU.ActiveCfg = Debug|Any CPU
		{A2FF2B13-92C4-447D-83B1-E89155718527}.Debug|Any CPU.Build.0 = Debug|Any CPU
		{A2FF2B13-92C4-447D-83B1-E89155718527}.Release|Any CPU.ActiveCfg = Release|Any CPU
		{A2FF2B13-92C4-447D-83B1-E89155718527}.Release|Any CPU.Build.0 = Release|Any CPU
		{D3A84CDB-184E-4CBE-9640-41EE10CA9773}.Debug|Any CPU.ActiveCfg = Debug|Any CPU
		{D3A84CDB-184E-4CBE-9640-41EE10CA9773}.Debug|Any CPU.Build.0 = Debug|Any CPU
		{D3A84CDB-184E-4CBE-9640-41EE10CA9773}.Release|Any CPU.ActiveCfg = Release|Any CPU
		{D3A84CDB-184E-4CBE-9640-41EE10CA9773}.Release|Any CPU.Build.0 = Release|Any CPU
		{75C64965-89AD-4A8B-A9B3-7C5986D4FC54}.Debug|Any CPU.ActiveCfg = Debug|Any CPU
		{75C64965-89AD-4A8B-A9B3-7C5986D4FC54}.Debug|Any CPU.Build.0 = Debug|Any CPU
		{75C64965-89AD-4A8B-A9B3-7C5986D4FC54}.Release|Any CPU.ActiveCfg = Release|Any CPU
		{75C64965-89AD-4A8B-A9B3-7C5986D4FC54}.Release|Any CPU.Build.0 = Release|Any CPU
	EndGlobalSection
	GlobalSection(SolutionProperties) = preSolution
		HideSolutionNode = FALSE
	EndGlobalSection
	GlobalSection(ExtensibilityGlobals) = postSolution
		SolutionGuid = {B38C1398-07D2-4EF5-9075-397204C485A4}
	EndGlobalSection
EndGlobal
